
Microsoft Visual Studio Solution File, Format Version 12.00
# Visual Studio 15
VisualStudioVersion = 15.0.26403.7
MinimumVisualStudioVersion = 10.0.40219.1
Project("{FAE04EC0-301F-11D3-BF4B-00C04F79EFBC}") = "Business", "Business\Business.csproj", "{02EC2063-AA1B-4054-9ADA-A9481F6805D7}"
EndProject
Project("{E24C65DC-7377-472B-9ABA-BC803B73C61A}") = "Site", "Site\", "{04140185-41A9-4B43-B705-EFC1CC325034}"
	ProjectSection(WebsiteProperties) = preProject
		TargetFrameworkMoniker = ".NETFramework,Version%3Dv4.5.2"
		Debug.AspNetCompiler.VirtualPath = "/localhost_23964"
		Debug.AspNetCompiler.PhysicalPath = "Site\"
		Debug.AspNetCompiler.TargetPath = "PrecompiledWeb\localhost_23964\"
		Debug.AspNetCompiler.Updateable = "true"
		Debug.AspNetCompiler.ForceOverwrite = "true"
		Debug.AspNetCompiler.FixedNames = "false"
		Debug.AspNetCompiler.Debug = "True"
		Release.AspNetCompiler.VirtualPath = "/localhost_23964"
		Release.AspNetCompiler.PhysicalPath = "Site\"
		Release.AspNetCompiler.TargetPath = "PrecompiledWeb\localhost_23964\"
		Release.AspNetCompiler.Updateable = "true"
		Release.AspNetCompiler.ForceOverwrite = "true"
		Release.AspNetCompiler.FixedNames = "false"
		Release.AspNetCompiler.Debug = "False"
		VWDPort = "23964"
		SlnRelativePath = "Site\"
		DefaultWebSiteLanguage = "Visual C#"
	EndProjectSection
EndProject
Project("{FAE04EC0-301F-11D3-BF4B-00C04F79EFBC}") = "GetStartedWebApi", "GetStartedWebApi\GetStartedWebApi.csproj", "{6EB93191-556F-4D5E-B047-BA85563CFDA2}"
EndProject
Global
	GlobalSection(SolutionConfigurationPlatforms) = preSolution
		Debug|Any CPU = Debug|Any CPU
		Release|Any CPU = Release|Any CPU
	EndGlobalSection
	GlobalSection(ProjectConfigurationPlatforms) = postSolution
		{02EC2063-AA1B-4054-9ADA-A9481F6805D7}.Debug|Any CPU.ActiveCfg = Debug|Any CPU
		{02EC2063-AA1B-4054-9ADA-A9481F6805D7}.Debug|Any CPU.Build.0 = Debug|Any CPU
		{02EC2063-AA1B-4054-9ADA-A9481F6805D7}.Release|Any CPU.ActiveCfg = Release|Any CPU
		{02EC2063-AA1B-4054-9ADA-A9481F6805D7}.Release|Any CPU.Build.0 = Release|Any CPU
		{04140185-41A9-4B43-B705-EFC1CC325034}.Debug|Any CPU.ActiveCfg = Debug|Any CPU
		{04140185-41A9-4B43-B705-EFC1CC325034}.Debug|Any CPU.Build.0 = Debug|Any CPU
		{04140185-41A9-4B43-B705-EFC1CC325034}.Release|Any CPU.ActiveCfg = Debug|Any CPU
		{04140185-41A9-4B43-B705-EFC1CC325034}.Release|Any CPU.Build.0 = Debug|Any CPU
		{6EB93191-556F-4D5E-B047-BA85563CFDA2}.Debug|Any CPU.ActiveCfg = Debug|Any CPU
		{6EB93191-556F-4D5E-B047-BA85563CFDA2}.Debug|Any CPU.Build.0 = Debug|Any CPU
		{6EB93191-556F-4D5E-B047-BA85563CFDA2}.Release|Any CPU.ActiveCfg = Release|Any CPU
		{6EB93191-556F-4D5E-B047-BA85563CFDA2}.Release|Any CPU.Build.0 = Release|Any CPU
	EndGlobalSection
	GlobalSection(SolutionProperties) = preSolution
		HideSolutionNode = FALSE
	EndGlobalSection
EndGlobal
